
Microsoft Visual Studio Solution File, Format Version 12.00
# Visual Studio Version 16
VisualStudioVersion = 16.0.31025.194
MinimumVisualStudioVersion = 10.0.40219.1
Project("{9A19103F-16F7-4668-BE54-9A1E7A4F7556}") = "TeamworkSystem.WebAPI", "TeamworkSystem.WebAPI\TeamworkSystem.WebAPI.csproj", "{D194DDC2-370D-4DBB-BD09-903564C3C95C}"
EndProject
Project("{FAE04EC0-301F-11D3-BF4B-00C04F79EFBC}") = "TeamworkSystem.DataAccessLayer", "TeamworkSystem.DataAccessLayer\TeamworkSystem.DataAccessLayer.csproj", "{E6696460-23B3-4D4E-97F1-2EBB049B95C5}"
EndProject
Global
	GlobalSection(SolutionConfigurationPlatforms) = preSolution
		Debug|Any CPU = Debug|Any CPU
		Release|Any CPU = Release|Any CPU
	EndGlobalSection
	GlobalSection(ProjectConfigurationPlatforms) = postSolution
		{D194DDC2-370D-4DBB-BD09-903564C3C95C}.Debug|Any CPU.ActiveCfg = Debug|Any CPU
		{D194DDC2-370D-4DBB-BD09-903564C3C95C}.Debug|Any CPU.Build.0 = Debug|Any CPU
		{D194DDC2-370D-4DBB-BD09-903564C3C95C}.Release|Any CPU.ActiveCfg = Release|Any CPU
		{D194DDC2-370D-4DBB-BD09-903564C3C95C}.Release|Any CPU.Build.0 = Release|Any CPU
		{E6696460-23B3-4D4E-97F1-2EBB049B95C5}.Debug|Any CPU.ActiveCfg = Debug|Any CPU
		{E6696460-23B3-4D4E-97F1-2EBB049B95C5}.Debug|Any CPU.Build.0 = Debug|Any CPU
		{E6696460-23B3-4D4E-97F1-2EBB049B95C5}.Release|Any CPU.ActiveCfg = Release|Any CPU
		{E6696460-23B3-4D4E-97F1-2EBB049B95C5}.Release|Any CPU.Build.0 = Release|Any CPU
	EndGlobalSection
	GlobalSection(SolutionProperties) = preSolution
		HideSolutionNode = FALSE
	EndGlobalSection
	GlobalSection(ExtensibilityGlobals) = postSolution
		SolutionGuid = {9BC4D105-5E3B-4E0D-963C-895BF672E6A2}
	EndGlobalSection
EndGlobal
