
Microsoft Visual Studio Solution File, Format Version 12.00
# Visual Studio Version 16
VisualStudioVersion = 16.0.31025.194
MinimumVisualStudioVersion = 10.0.40219.1
Project("{9A19103F-16F7-4668-BE54-9A1E7A4F7556}") = "TeamworkSystem.WebAPI", "TeamworkSystem.WebAPI\TeamworkSystem.WebAPI.csproj", "{D194DDC2-370D-4DBB-BD09-903564C3C95C}"
EndProject
Project("{9A19103F-16F7-4668-BE54-9A1E7A4F7556}") = "TeamworkSystem.DataAccessLayer", "TeamworkSystem.DataAccessLayer\TeamworkSystem.DataAccessLayer.csproj", "{9D3E69B5-8F4F-426E-B96A-3338FF0E36D3}"
EndProject
Project("{9A19103F-16F7-4668-BE54-9A1E7A4F7556}") = "TeamworkSystem.BusinessLogicLayer", "TeamworkSystem.BusinessLogicLayer\TeamworkSystem.BusinessLogicLayer.csproj", "{44F5F84B-864B-43AE-B6C9-49BACA602BAA}"
EndProject
Project("{2150E333-8FDC-42A3-9474-1A3956D46DE8}") = "Identity", "Identity", "{672CA72A-3AEC-4C7E-A5D2-7273F6C3C676}"
EndProject
Project("{FAE04EC0-301F-11D3-BF4B-00C04F79EFBC}") = "TeamworkSystem.Identity.API", "TeamworkSystem.Identity.API\TeamworkSystem.Identity.API.csproj", "{A26C9176-93B6-436B-82D4-D7EEA5491FAC}"
EndProject
Project("{FAE04EC0-301F-11D3-BF4B-00C04F79EFBC}") = "TeamworkSystem.Identity.BusinessLogic", "TeamworkSystem.Identity.BusinessLogic\TeamworkSystem.Identity.BusinessLogic.csproj", "{364B12B3-B348-4EAA-8594-E33006FF5BA8}"
EndProject
Project("{FAE04EC0-301F-11D3-BF4B-00C04F79EFBC}") = "TeamworkSystem.Identity.DataAccess", "TeamworkSystem.Identity.DataAccess\TeamworkSystem.Identity.DataAccess.csproj", "{BCCD2771-75FA-49E7-BAE9-F91F04E48EDA}"
EndProject
Project("{2150E333-8FDC-42A3-9474-1A3956D46DE8}") = "Social", "Social", "{84CDE9D4-C6D9-4910-A990-B5785BD2C92D}"
EndProject
Project("{FAE04EC0-301F-11D3-BF4B-00C04F79EFBC}") = "TeamworkSystem.Social.API", "TeamworkSystem.Social.API\TeamworkSystem.Social.API.csproj", "{5D9FB114-CA77-446D-988A-A00643B55161}"
EndProject
Project("{FAE04EC0-301F-11D3-BF4B-00C04F79EFBC}") = "TeamworkSystem.Social.BusinessLogic", "TeamworkSystem.Social.BusinessLogic\TeamworkSystem.Social.BusinessLogic.csproj", "{E328CBAE-226E-4F74-BFD0-83D6A359AC3C}"
EndProject
Project("{FAE04EC0-301F-11D3-BF4B-00C04F79EFBC}") = "TeamworkSystem.Social.DataAccess", "TeamworkSystem.Social.DataAccess\TeamworkSystem.Social.DataAccess.csproj", "{46271B80-A3A9-4C7E-B943-01F6EF1C6FAD}"
EndProject
Project("{2150E333-8FDC-42A3-9474-1A3956D46DE8}") = "Core", "Core", "{41ADC202-2A0B-40C6-8B41-2FF5528F60E4}"
EndProject
Project("{FAE04EC0-301F-11D3-BF4B-00C04F79EFBC}") = "TeamworkSystem.Core.API", "TeamworkSystem.Core.API\TeamworkSystem.Core.API.csproj", "{A13AB74F-4B35-4A0B-BD6A-66A4D1D37E0E}"
EndProject
Project("{FAE04EC0-301F-11D3-BF4B-00C04F79EFBC}") = "TeamworkSystem.Core.BusinessLogic", "TeamworkSystem.Core.BusinessLogic\TeamworkSystem.Core.BusinessLogic.csproj", "{A99417EC-7C5F-4710-9EE5-61E7122E35B9}"
EndProject
Project("{FAE04EC0-301F-11D3-BF4B-00C04F79EFBC}") = "TeamworkSystem.Core.DataAccess", "TeamworkSystem.Core.DataAccess\TeamworkSystem.Core.DataAccess.csproj", "{51709909-50A9-4E34-8641-3F54D354B2F1}"
EndProject
Global
	GlobalSection(SolutionConfigurationPlatforms) = preSolution
		Debug|Any CPU = Debug|Any CPU
		Release|Any CPU = Release|Any CPU
	EndGlobalSection
	GlobalSection(ProjectConfigurationPlatforms) = postSolution
		{D194DDC2-370D-4DBB-BD09-903564C3C95C}.Debug|Any CPU.ActiveCfg = Debug|Any CPU
		{D194DDC2-370D-4DBB-BD09-903564C3C95C}.Debug|Any CPU.Build.0 = Debug|Any CPU
		{D194DDC2-370D-4DBB-BD09-903564C3C95C}.Release|Any CPU.ActiveCfg = Release|Any CPU
		{D194DDC2-370D-4DBB-BD09-903564C3C95C}.Release|Any CPU.Build.0 = Release|Any CPU
		{9D3E69B5-8F4F-426E-B96A-3338FF0E36D3}.Debug|Any CPU.ActiveCfg = Debug|Any CPU
		{9D3E69B5-8F4F-426E-B96A-3338FF0E36D3}.Debug|Any CPU.Build.0 = Debug|Any CPU
		{9D3E69B5-8F4F-426E-B96A-3338FF0E36D3}.Release|Any CPU.ActiveCfg = Release|Any CPU
		{9D3E69B5-8F4F-426E-B96A-3338FF0E36D3}.Release|Any CPU.Build.0 = Release|Any CPU
		{44F5F84B-864B-43AE-B6C9-49BACA602BAA}.Debug|Any CPU.ActiveCfg = Debug|Any CPU
		{44F5F84B-864B-43AE-B6C9-49BACA602BAA}.Debug|Any CPU.Build.0 = Debug|Any CPU
		{44F5F84B-864B-43AE-B6C9-49BACA602BAA}.Release|Any CPU.ActiveCfg = Release|Any CPU
		{44F5F84B-864B-43AE-B6C9-49BACA602BAA}.Release|Any CPU.Build.0 = Release|Any CPU
		{A26C9176-93B6-436B-82D4-D7EEA5491FAC}.Debug|Any CPU.ActiveCfg = Debug|Any CPU
		{A26C9176-93B6-436B-82D4-D7EEA5491FAC}.Debug|Any CPU.Build.0 = Debug|Any CPU
		{A26C9176-93B6-436B-82D4-D7EEA5491FAC}.Release|Any CPU.ActiveCfg = Release|Any CPU
		{A26C9176-93B6-436B-82D4-D7EEA5491FAC}.Release|Any CPU.Build.0 = Release|Any CPU
		{364B12B3-B348-4EAA-8594-E33006FF5BA8}.Debug|Any CPU.ActiveCfg = Debug|Any CPU
		{364B12B3-B348-4EAA-8594-E33006FF5BA8}.Debug|Any CPU.Build.0 = Debug|Any CPU
		{364B12B3-B348-4EAA-8594-E33006FF5BA8}.Release|Any CPU.ActiveCfg = Release|Any CPU
		{364B12B3-B348-4EAA-8594-E33006FF5BA8}.Release|Any CPU.Build.0 = Release|Any CPU
		{BCCD2771-75FA-49E7-BAE9-F91F04E48EDA}.Debug|Any CPU.ActiveCfg = Debug|Any CPU
		{BCCD2771-75FA-49E7-BAE9-F91F04E48EDA}.Debug|Any CPU.Build.0 = Debug|Any CPU
		{BCCD2771-75FA-49E7-BAE9-F91F04E48EDA}.Release|Any CPU.ActiveCfg = Release|Any CPU
		{BCCD2771-75FA-49E7-BAE9-F91F04E48EDA}.Release|Any CPU.Build.0 = Release|Any CPU
		{5D9FB114-CA77-446D-988A-A00643B55161}.Debug|Any CPU.ActiveCfg = Debug|Any CPU
		{5D9FB114-CA77-446D-988A-A00643B55161}.Debug|Any CPU.Build.0 = Debug|Any CPU
		{5D9FB114-CA77-446D-988A-A00643B55161}.Release|Any CPU.ActiveCfg = Release|Any CPU
		{5D9FB114-CA77-446D-988A-A00643B55161}.Release|Any CPU.Build.0 = Release|Any CPU
		{E328CBAE-226E-4F74-BFD0-83D6A359AC3C}.Debug|Any CPU.ActiveCfg = Debug|Any CPU
		{E328CBAE-226E-4F74-BFD0-83D6A359AC3C}.Debug|Any CPU.Build.0 = Debug|Any CPU
		{E328CBAE-226E-4F74-BFD0-83D6A359AC3C}.Release|Any CPU.ActiveCfg = Release|Any CPU
		{E328CBAE-226E-4F74-BFD0-83D6A359AC3C}.Release|Any CPU.Build.0 = Release|Any CPU
		{46271B80-A3A9-4C7E-B943-01F6EF1C6FAD}.Debug|Any CPU.ActiveCfg = Debug|Any CPU
		{46271B80-A3A9-4C7E-B943-01F6EF1C6FAD}.Debug|Any CPU.Build.0 = Debug|Any CPU
		{46271B80-A3A9-4C7E-B943-01F6EF1C6FAD}.Release|Any CPU.ActiveCfg = Release|Any CPU
		{46271B80-A3A9-4C7E-B943-01F6EF1C6FAD}.Release|Any CPU.Build.0 = Release|Any CPU
		{A13AB74F-4B35-4A0B-BD6A-66A4D1D37E0E}.Debug|Any CPU.ActiveCfg = Debug|Any CPU
		{A13AB74F-4B35-4A0B-BD6A-66A4D1D37E0E}.Debug|Any CPU.Build.0 = Debug|Any CPU
		{A13AB74F-4B35-4A0B-BD6A-66A4D1D37E0E}.Release|Any CPU.ActiveCfg = Release|Any CPU
		{A13AB74F-4B35-4A0B-BD6A-66A4D1D37E0E}.Release|Any CPU.Build.0 = Release|Any CPU
		{A99417EC-7C5F-4710-9EE5-61E7122E35B9}.Debug|Any CPU.ActiveCfg = Debug|Any CPU
		{A99417EC-7C5F-4710-9EE5-61E7122E35B9}.Debug|Any CPU.Build.0 = Debug|Any CPU
		{A99417EC-7C5F-4710-9EE5-61E7122E35B9}.Release|Any CPU.ActiveCfg = Release|Any CPU
		{A99417EC-7C5F-4710-9EE5-61E7122E35B9}.Release|Any CPU.Build.0 = Release|Any CPU
		{51709909-50A9-4E34-8641-3F54D354B2F1}.Debug|Any CPU.ActiveCfg = Debug|Any CPU
		{51709909-50A9-4E34-8641-3F54D354B2F1}.Debug|Any CPU.Build.0 = Debug|Any CPU
		{51709909-50A9-4E34-8641-3F54D354B2F1}.Release|Any CPU.ActiveCfg = Release|Any CPU
		{51709909-50A9-4E34-8641-3F54D354B2F1}.Release|Any CPU.Build.0 = Release|Any CPU
	EndGlobalSection
	GlobalSection(SolutionProperties) = preSolution
		HideSolutionNode = FALSE
	EndGlobalSection
	GlobalSection(ExtensibilityGlobals) = postSolution
		SolutionGuid = {9BC4D105-5E3B-4E0D-963C-895BF672E6A2}
	EndGlobalSection
	GlobalSection(NestedProjects) = preSolution
		{A26C9176-93B6-436B-82D4-D7EEA5491FAC} = {672CA72A-3AEC-4C7E-A5D2-7273F6C3C676}
		{364B12B3-B348-4EAA-8594-E33006FF5BA8} = {672CA72A-3AEC-4C7E-A5D2-7273F6C3C676}
		{BCCD2771-75FA-49E7-BAE9-F91F04E48EDA} = {672CA72A-3AEC-4C7E-A5D2-7273F6C3C676}
		{5D9FB114-CA77-446D-988A-A00643B55161} = {84CDE9D4-C6D9-4910-A990-B5785BD2C92D}
		{E328CBAE-226E-4F74-BFD0-83D6A359AC3C} = {84CDE9D4-C6D9-4910-A990-B5785BD2C92D}
		{46271B80-A3A9-4C7E-B943-01F6EF1C6FAD} = {84CDE9D4-C6D9-4910-A990-B5785BD2C92D}
		{A13AB74F-4B35-4A0B-BD6A-66A4D1D37E0E} = {41ADC202-2A0B-40C6-8B41-2FF5528F60E4}
		{A99417EC-7C5F-4710-9EE5-61E7122E35B9} = {41ADC202-2A0B-40C6-8B41-2FF5528F60E4}
		{51709909-50A9-4E34-8641-3F54D354B2F1} = {41ADC202-2A0B-40C6-8B41-2FF5528F60E4}
	EndGlobalSection
EndGlobal
