
Microsoft Visual Studio Solution File, Format Version 12.00
# Visual Studio Version 17
VisualStudioVersion = 17.0.32014.148
MinimumVisualStudioVersion = 10.0.40219.1
Project("{2150E333-8FDC-42A3-9474-1A3956D46DE8}") = "Identity", "Identity", "{672CA72A-3AEC-4C7E-A5D2-7273F6C3C676}"
EndProject
Project("{9A19103F-16F7-4668-BE54-9A1E7A4F7556}") = "TeamworkSystem.Identity.API", "Source\Microservices\Identity\People\TeamworkSystem.Identity.API\TeamworkSystem.Identity.API.csproj", "{A26C9176-93B6-436B-82D4-D7EEA5491FAC}"
EndProject
Project("{9A19103F-16F7-4668-BE54-9A1E7A4F7556}") = "TeamworkSystem.Identity.BusinessLogic", "Source\Microservices\Identity\People\TeamworkSystem.Identity.BusinessLogic\TeamworkSystem.Identity.BusinessLogic.csproj", "{364B12B3-B348-4EAA-8594-E33006FF5BA8}"
EndProject
Project("{9A19103F-16F7-4668-BE54-9A1E7A4F7556}") = "TeamworkSystem.Identity.Persistence.People", "Source\Microservices\Identity\Persistence\TeamworkSystem.Identity.Persistence.People\TeamworkSystem.Identity.Persistence.People.csproj", "{BCCD2771-75FA-49E7-BAE9-F91F04E48EDA}"
EndProject
Project("{2150E333-8FDC-42A3-9474-1A3956D46DE8}") = "Social", "Social", "{84CDE9D4-C6D9-4910-A990-B5785BD2C92D}"
EndProject
Project("{9A19103F-16F7-4668-BE54-9A1E7A4F7556}") = "TeamworkSystem.Social.API", "Source\Microservices\Social\TeamworkSystem.Social.API\TeamworkSystem.Social.API.csproj", "{5D9FB114-CA77-446D-988A-A00643B55161}"
EndProject
Project("{9A19103F-16F7-4668-BE54-9A1E7A4F7556}") = "TeamworkSystem.Social.BusinessLogic", "Source\Microservices\Social\TeamworkSystem.Social.BusinessLogic\TeamworkSystem.Social.BusinessLogic.csproj", "{E328CBAE-226E-4F74-BFD0-83D6A359AC3C}"
EndProject
Project("{9A19103F-16F7-4668-BE54-9A1E7A4F7556}") = "TeamworkSystem.Social.DataAccess", "Source\Microservices\Social\TeamworkSystem.Social.DataAccess\TeamworkSystem.Social.DataAccess.csproj", "{46271B80-A3A9-4C7E-B943-01F6EF1C6FAD}"
EndProject
Project("{2150E333-8FDC-42A3-9474-1A3956D46DE8}") = "WorkManagement", "WorkManagement", "{41ADC202-2A0B-40C6-8B41-2FF5528F60E4}"
EndProject
Project("{9A19103F-16F7-4668-BE54-9A1E7A4F7556}") = "TeamworkSystem.WorkManagement.API", "Source\TeamworkSystem.WorkManagement.API\TeamworkSystem.WorkManagement.API.csproj", "{A13AB74F-4B35-4A0B-BD6A-66A4D1D37E0E}"
EndProject
Project("{9A19103F-16F7-4668-BE54-9A1E7A4F7556}") = "TeamworkSystem.Gateway", "Source\TeamworkSystem.Gateway\TeamworkSystem.Gateway.csproj", "{36DA7203-BE84-4597-BC75-B44E1E98F2DE}"
EndProject
Project("{2150E333-8FDC-42A3-9474-1A3956D46DE8}") = "Solution Items", "Solution Items", "{47877FC6-DBBA-4554-B155-8D59935414AC}"
	ProjectSection(SolutionItems) = preProject
		docker-compose-dependencies.yml = docker-compose-dependencies.yml
		docker-compose.linux.override.yml = docker-compose.linux.override.yml
		docker-compose.windows.override.yml = docker-compose.windows.override.yml
		docker-compose.yml = docker-compose.yml
		docker-compose-dependencies.macos.yml = docker-compose-dependencies.macos.yml
	EndProjectSection
EndProject
Project("{2150E333-8FDC-42A3-9474-1A3956D46DE8}") = "Core", "Core", "{B8F05D9D-66CC-432A-BE03-C92A8FB59E0A}"
EndProject
Project("{2150E333-8FDC-42A3-9474-1A3956D46DE8}") = "Infrastructure", "Infrastructure", "{BBF5B1F4-C51B-4902-9E41-397DF7B89EA8}"
EndProject
Project("{2150E333-8FDC-42A3-9474-1A3956D46DE8}") = "Presentation", "Presentation", "{3E50F54E-7D8B-46D0-8281-9BE3D4AAF761}"
EndProject
Project("{9A19103F-16F7-4668-BE54-9A1E7A4F7556}") = "TeamworkSystem.WorkManagement.Domain", "Source\TeamworkSystem.WorkManagement.Domain\TeamworkSystem.WorkManagement.Domain.csproj", "{46559AF1-B63E-4C2A-8A70-F6B333F38DDF}"
EndProject
Project("{9A19103F-16F7-4668-BE54-9A1E7A4F7556}") = "TeamworkSystem.WorkManagement.Application", "Source\TeamworkSystem.WorkManagement.Application\TeamworkSystem.WorkManagement.Application.csproj", "{D088A869-5352-4D8E-8F9C-1CD71902D637}"
EndProject
Project("{9A19103F-16F7-4668-BE54-9A1E7A4F7556}") = "TeamworkSystem.WorkManagement.Persistence", "Source\TeamworkSystem.WorkManagement.Persistence\TeamworkSystem.WorkManagement.Persistence.csproj", "{39117289-408C-4122-BE96-51F0004991B3}"
EndProject
Project("{9A19103F-16F7-4668-BE54-9A1E7A4F7556}") = "TeamworkSystem.EventBus.Messages", "Source\Libraries\TeamworkSystem.EventBus.Messages\TeamworkSystem.EventBus.Messages.csproj", "{238CA245-3AF6-4A6C-B86B-87978D4081EC}"
EndProject
Project("{2150E333-8FDC-42A3-9474-1A3956D46DE8}") = "Content", "Content", "{12F35831-66D2-4AF6-BA7B-4EE5015DAEB4}"
EndProject
Project("{2150E333-8FDC-42A3-9474-1A3956D46DE8}") = "Core", "Core", "{EDD4E4FD-8A5F-4B8C-98EE-3315EE367962}"
EndProject
Project("{2150E333-8FDC-42A3-9474-1A3956D46DE8}") = "Infrastructure", "Infrastructure", "{E8DAC861-58E2-49F4-BB9E-0F75E1001E90}"
EndProject
Project("{2150E333-8FDC-42A3-9474-1A3956D46DE8}") = "Presentation", "Presentation", "{ECE28A0C-6C39-40DE-878D-66C413926AB5}"
EndProject
Project("{9A19103F-16F7-4668-BE54-9A1E7A4F7556}") = "TeamworkSystem.Content.Application", "Source\Microservices\Content\Core\TeamworkSystem.Content.Application\TeamworkSystem.Content.Application.csproj", "{5A72B3B5-8482-4818-BC29-11FB61A46BD2}"
EndProject
Project("{9A19103F-16F7-4668-BE54-9A1E7A4F7556}") = "TeamworkSystem.Content.Domain", "Source\Microservices\Content\Core\TeamworkSystem.Content.Domain\TeamworkSystem.Content.Domain.csproj", "{C974C6D5-CDA4-4C66-8711-4CBB488B26F4}"
EndProject
Project("{9A19103F-16F7-4668-BE54-9A1E7A4F7556}") = "TeamworkSystem.Content.Persistence", "Source\Microservices\Content\Infrastructure\TeamworkSystem.Content.Persistence\TeamworkSystem.Content.Persistence.csproj", "{68C242A8-0828-4020-8923-4674167CA753}"
EndProject
Project("{9A19103F-16F7-4668-BE54-9A1E7A4F7556}") = "TeamworkSystem.Shared", "Source\Libraries\TeamworkSystem.Shared\TeamworkSystem.Shared.csproj", "{A57A6729-E985-4655-885D-5FC9FD13D8F8}"
EndProject
Project("{9A19103F-16F7-4668-BE54-9A1E7A4F7556}") = "TeamworkSystem.Content.API", "Source\Microservices\Content\Presentation\TeamworkSystem.Content.API\TeamworkSystem.Content.API.csproj", "{3C7A2019-8CE4-4A96-9147-9178DC2C233E}"
EndProject
Project("{9A19103F-16F7-4668-BE54-9A1E7A4F7556}") = "TeamworkSystem.IdentityServer", "Source\Microservices\Identity\TeamworkSystem.IdentityServer\TeamworkSystem.IdentityServer.csproj", "{2FCD86C2-2954-459B-AFD4-47A034AB7BD1}"
EndProject
Project("{2150E333-8FDC-42A3-9474-1A3956D46DE8}") = "Persistence", "Persistence", "{CE79B757-23C9-4FAE-8EA5-053823C06A73}"
EndProject
Project("{FAE04EC0-301F-11D3-BF4B-00C04F79EFBC}") = "TeamworkSystem.Identity.Persistence.Configuration", "Source\Microservices\Identity\Persistence\TeamworkSystem.Identity.Persistence.Configuration\TeamworkSystem.Identity.Persistence.Configuration.csproj", "{0C1F2444-A86B-4A57-B70F-9E6059C1F2DE}"
EndProject
Project("{FAE04EC0-301F-11D3-BF4B-00C04F79EFBC}") = "TeamworkSystem.Identity.Persistence.Operational", "Source\Microservices\Identity\Persistence\TeamworkSystem.Identity.Persistence.Operational\TeamworkSystem.Identity.Persistence.Operational.csproj", "{1C6A8E20-B036-48CE-977B-1661D9FE1C2D}"
EndProject
Project("{2150E333-8FDC-42A3-9474-1A3956D46DE8}") = "People", "People", "{D21F8C38-F309-482E-9208-3036B81D4B58}"
EndProject
Project("{2150E333-8FDC-42A3-9474-1A3956D46DE8}") = "Libraries", "Libraries", "{F0ADF472-8B3E-4E5D-8D7B-AFD9EBC9F564}"
EndProject
Project("{2150E333-8FDC-42A3-9474-1A3956D46DE8}") = "Microservices", "Microservices", "{91D93103-43A3-4829-83F7-E01FD4BDE63E}"
EndProject
Global
	GlobalSection(SolutionConfigurationPlatforms) = preSolution
		Debug|Any CPU = Debug|Any CPU
		Release|Any CPU = Release|Any CPU
	EndGlobalSection
	GlobalSection(ProjectConfigurationPlatforms) = postSolution
		{A26C9176-93B6-436B-82D4-D7EEA5491FAC}.Debug|Any CPU.ActiveCfg = Debug|Any CPU
		{A26C9176-93B6-436B-82D4-D7EEA5491FAC}.Debug|Any CPU.Build.0 = Debug|Any CPU
		{A26C9176-93B6-436B-82D4-D7EEA5491FAC}.Release|Any CPU.ActiveCfg = Release|Any CPU
		{A26C9176-93B6-436B-82D4-D7EEA5491FAC}.Release|Any CPU.Build.0 = Release|Any CPU
		{364B12B3-B348-4EAA-8594-E33006FF5BA8}.Debug|Any CPU.ActiveCfg = Debug|Any CPU
		{364B12B3-B348-4EAA-8594-E33006FF5BA8}.Debug|Any CPU.Build.0 = Debug|Any CPU
		{364B12B3-B348-4EAA-8594-E33006FF5BA8}.Release|Any CPU.ActiveCfg = Release|Any CPU
		{364B12B3-B348-4EAA-8594-E33006FF5BA8}.Release|Any CPU.Build.0 = Release|Any CPU
		{BCCD2771-75FA-49E7-BAE9-F91F04E48EDA}.Debug|Any CPU.ActiveCfg = Debug|Any CPU
		{BCCD2771-75FA-49E7-BAE9-F91F04E48EDA}.Debug|Any CPU.Build.0 = Debug|Any CPU
		{BCCD2771-75FA-49E7-BAE9-F91F04E48EDA}.Release|Any CPU.ActiveCfg = Release|Any CPU
		{BCCD2771-75FA-49E7-BAE9-F91F04E48EDA}.Release|Any CPU.Build.0 = Release|Any CPU
		{5D9FB114-CA77-446D-988A-A00643B55161}.Debug|Any CPU.ActiveCfg = Debug|Any CPU
		{5D9FB114-CA77-446D-988A-A00643B55161}.Debug|Any CPU.Build.0 = Debug|Any CPU
		{5D9FB114-CA77-446D-988A-A00643B55161}.Release|Any CPU.ActiveCfg = Release|Any CPU
		{5D9FB114-CA77-446D-988A-A00643B55161}.Release|Any CPU.Build.0 = Release|Any CPU
		{E328CBAE-226E-4F74-BFD0-83D6A359AC3C}.Debug|Any CPU.ActiveCfg = Debug|Any CPU
		{E328CBAE-226E-4F74-BFD0-83D6A359AC3C}.Debug|Any CPU.Build.0 = Debug|Any CPU
		{E328CBAE-226E-4F74-BFD0-83D6A359AC3C}.Release|Any CPU.ActiveCfg = Release|Any CPU
		{E328CBAE-226E-4F74-BFD0-83D6A359AC3C}.Release|Any CPU.Build.0 = Release|Any CPU
		{46271B80-A3A9-4C7E-B943-01F6EF1C6FAD}.Debug|Any CPU.ActiveCfg = Debug|Any CPU
		{46271B80-A3A9-4C7E-B943-01F6EF1C6FAD}.Debug|Any CPU.Build.0 = Debug|Any CPU
		{46271B80-A3A9-4C7E-B943-01F6EF1C6FAD}.Release|Any CPU.ActiveCfg = Release|Any CPU
		{46271B80-A3A9-4C7E-B943-01F6EF1C6FAD}.Release|Any CPU.Build.0 = Release|Any CPU
		{A13AB74F-4B35-4A0B-BD6A-66A4D1D37E0E}.Debug|Any CPU.ActiveCfg = Debug|Any CPU
		{A13AB74F-4B35-4A0B-BD6A-66A4D1D37E0E}.Debug|Any CPU.Build.0 = Debug|Any CPU
		{A13AB74F-4B35-4A0B-BD6A-66A4D1D37E0E}.Release|Any CPU.ActiveCfg = Release|Any CPU
		{A13AB74F-4B35-4A0B-BD6A-66A4D1D37E0E}.Release|Any CPU.Build.0 = Release|Any CPU
		{36DA7203-BE84-4597-BC75-B44E1E98F2DE}.Debug|Any CPU.ActiveCfg = Debug|Any CPU
		{36DA7203-BE84-4597-BC75-B44E1E98F2DE}.Debug|Any CPU.Build.0 = Debug|Any CPU
		{36DA7203-BE84-4597-BC75-B44E1E98F2DE}.Release|Any CPU.ActiveCfg = Release|Any CPU
		{36DA7203-BE84-4597-BC75-B44E1E98F2DE}.Release|Any CPU.Build.0 = Release|Any CPU
		{46559AF1-B63E-4C2A-8A70-F6B333F38DDF}.Debug|Any CPU.ActiveCfg = Debug|Any CPU
		{46559AF1-B63E-4C2A-8A70-F6B333F38DDF}.Debug|Any CPU.Build.0 = Debug|Any CPU
		{46559AF1-B63E-4C2A-8A70-F6B333F38DDF}.Release|Any CPU.ActiveCfg = Release|Any CPU
		{46559AF1-B63E-4C2A-8A70-F6B333F38DDF}.Release|Any CPU.Build.0 = Release|Any CPU
		{D088A869-5352-4D8E-8F9C-1CD71902D637}.Debug|Any CPU.ActiveCfg = Debug|Any CPU
		{D088A869-5352-4D8E-8F9C-1CD71902D637}.Debug|Any CPU.Build.0 = Debug|Any CPU
		{D088A869-5352-4D8E-8F9C-1CD71902D637}.Release|Any CPU.ActiveCfg = Release|Any CPU
		{D088A869-5352-4D8E-8F9C-1CD71902D637}.Release|Any CPU.Build.0 = Release|Any CPU
		{39117289-408C-4122-BE96-51F0004991B3}.Debug|Any CPU.ActiveCfg = Debug|Any CPU
		{39117289-408C-4122-BE96-51F0004991B3}.Debug|Any CPU.Build.0 = Debug|Any CPU
		{39117289-408C-4122-BE96-51F0004991B3}.Release|Any CPU.ActiveCfg = Release|Any CPU
		{39117289-408C-4122-BE96-51F0004991B3}.Release|Any CPU.Build.0 = Release|Any CPU
		{238CA245-3AF6-4A6C-B86B-87978D4081EC}.Debug|Any CPU.ActiveCfg = Debug|Any CPU
		{238CA245-3AF6-4A6C-B86B-87978D4081EC}.Debug|Any CPU.Build.0 = Debug|Any CPU
		{238CA245-3AF6-4A6C-B86B-87978D4081EC}.Release|Any CPU.ActiveCfg = Release|Any CPU
		{238CA245-3AF6-4A6C-B86B-87978D4081EC}.Release|Any CPU.Build.0 = Release|Any CPU
		{5A72B3B5-8482-4818-BC29-11FB61A46BD2}.Debug|Any CPU.ActiveCfg = Debug|Any CPU
		{5A72B3B5-8482-4818-BC29-11FB61A46BD2}.Debug|Any CPU.Build.0 = Debug|Any CPU
		{5A72B3B5-8482-4818-BC29-11FB61A46BD2}.Release|Any CPU.ActiveCfg = Release|Any CPU
		{5A72B3B5-8482-4818-BC29-11FB61A46BD2}.Release|Any CPU.Build.0 = Release|Any CPU
		{C974C6D5-CDA4-4C66-8711-4CBB488B26F4}.Debug|Any CPU.ActiveCfg = Debug|Any CPU
		{C974C6D5-CDA4-4C66-8711-4CBB488B26F4}.Debug|Any CPU.Build.0 = Debug|Any CPU
		{C974C6D5-CDA4-4C66-8711-4CBB488B26F4}.Release|Any CPU.ActiveCfg = Release|Any CPU
		{C974C6D5-CDA4-4C66-8711-4CBB488B26F4}.Release|Any CPU.Build.0 = Release|Any CPU
		{68C242A8-0828-4020-8923-4674167CA753}.Debug|Any CPU.ActiveCfg = Debug|Any CPU
		{68C242A8-0828-4020-8923-4674167CA753}.Debug|Any CPU.Build.0 = Debug|Any CPU
		{68C242A8-0828-4020-8923-4674167CA753}.Release|Any CPU.ActiveCfg = Release|Any CPU
		{68C242A8-0828-4020-8923-4674167CA753}.Release|Any CPU.Build.0 = Release|Any CPU
		{A57A6729-E985-4655-885D-5FC9FD13D8F8}.Debug|Any CPU.ActiveCfg = Debug|Any CPU
		{A57A6729-E985-4655-885D-5FC9FD13D8F8}.Debug|Any CPU.Build.0 = Debug|Any CPU
		{A57A6729-E985-4655-885D-5FC9FD13D8F8}.Release|Any CPU.ActiveCfg = Release|Any CPU
		{A57A6729-E985-4655-885D-5FC9FD13D8F8}.Release|Any CPU.Build.0 = Release|Any CPU
		{3C7A2019-8CE4-4A96-9147-9178DC2C233E}.Debug|Any CPU.ActiveCfg = Debug|Any CPU
		{3C7A2019-8CE4-4A96-9147-9178DC2C233E}.Debug|Any CPU.Build.0 = Debug|Any CPU
		{3C7A2019-8CE4-4A96-9147-9178DC2C233E}.Release|Any CPU.ActiveCfg = Release|Any CPU
		{3C7A2019-8CE4-4A96-9147-9178DC2C233E}.Release|Any CPU.Build.0 = Release|Any CPU
		{2FCD86C2-2954-459B-AFD4-47A034AB7BD1}.Debug|Any CPU.ActiveCfg = Debug|Any CPU
		{2FCD86C2-2954-459B-AFD4-47A034AB7BD1}.Debug|Any CPU.Build.0 = Debug|Any CPU
		{2FCD86C2-2954-459B-AFD4-47A034AB7BD1}.Release|Any CPU.ActiveCfg = Release|Any CPU
		{2FCD86C2-2954-459B-AFD4-47A034AB7BD1}.Release|Any CPU.Build.0 = Release|Any CPU
		{0C1F2444-A86B-4A57-B70F-9E6059C1F2DE}.Debug|Any CPU.ActiveCfg = Debug|Any CPU
		{0C1F2444-A86B-4A57-B70F-9E6059C1F2DE}.Debug|Any CPU.Build.0 = Debug|Any CPU
		{0C1F2444-A86B-4A57-B70F-9E6059C1F2DE}.Release|Any CPU.ActiveCfg = Release|Any CPU
		{0C1F2444-A86B-4A57-B70F-9E6059C1F2DE}.Release|Any CPU.Build.0 = Release|Any CPU
		{1C6A8E20-B036-48CE-977B-1661D9FE1C2D}.Debug|Any CPU.ActiveCfg = Debug|Any CPU
		{1C6A8E20-B036-48CE-977B-1661D9FE1C2D}.Debug|Any CPU.Build.0 = Debug|Any CPU
		{1C6A8E20-B036-48CE-977B-1661D9FE1C2D}.Release|Any CPU.ActiveCfg = Release|Any CPU
		{1C6A8E20-B036-48CE-977B-1661D9FE1C2D}.Release|Any CPU.Build.0 = Release|Any CPU
	EndGlobalSection
	GlobalSection(SolutionProperties) = preSolution
		HideSolutionNode = FALSE
	EndGlobalSection
	GlobalSection(NestedProjects) = preSolution
		{5D9FB114-CA77-446D-988A-A00643B55161} = {84CDE9D4-C6D9-4910-A990-B5785BD2C92D}
		{E328CBAE-226E-4F74-BFD0-83D6A359AC3C} = {84CDE9D4-C6D9-4910-A990-B5785BD2C92D}
		{46271B80-A3A9-4C7E-B943-01F6EF1C6FAD} = {84CDE9D4-C6D9-4910-A990-B5785BD2C92D}
		{A13AB74F-4B35-4A0B-BD6A-66A4D1D37E0E} = {3E50F54E-7D8B-46D0-8281-9BE3D4AAF761}
		{B8F05D9D-66CC-432A-BE03-C92A8FB59E0A} = {41ADC202-2A0B-40C6-8B41-2FF5528F60E4}
		{BBF5B1F4-C51B-4902-9E41-397DF7B89EA8} = {41ADC202-2A0B-40C6-8B41-2FF5528F60E4}
		{3E50F54E-7D8B-46D0-8281-9BE3D4AAF761} = {41ADC202-2A0B-40C6-8B41-2FF5528F60E4}
		{46559AF1-B63E-4C2A-8A70-F6B333F38DDF} = {B8F05D9D-66CC-432A-BE03-C92A8FB59E0A}
		{D088A869-5352-4D8E-8F9C-1CD71902D637} = {B8F05D9D-66CC-432A-BE03-C92A8FB59E0A}
		{39117289-408C-4122-BE96-51F0004991B3} = {BBF5B1F4-C51B-4902-9E41-397DF7B89EA8}
		{EDD4E4FD-8A5F-4B8C-98EE-3315EE367962} = {12F35831-66D2-4AF6-BA7B-4EE5015DAEB4}
		{E8DAC861-58E2-49F4-BB9E-0F75E1001E90} = {12F35831-66D2-4AF6-BA7B-4EE5015DAEB4}
		{ECE28A0C-6C39-40DE-878D-66C413926AB5} = {12F35831-66D2-4AF6-BA7B-4EE5015DAEB4}
		{5A72B3B5-8482-4818-BC29-11FB61A46BD2} = {EDD4E4FD-8A5F-4B8C-98EE-3315EE367962}
		{C974C6D5-CDA4-4C66-8711-4CBB488B26F4} = {EDD4E4FD-8A5F-4B8C-98EE-3315EE367962}
		{68C242A8-0828-4020-8923-4674167CA753} = {E8DAC861-58E2-49F4-BB9E-0F75E1001E90}
		{3C7A2019-8CE4-4A96-9147-9178DC2C233E} = {ECE28A0C-6C39-40DE-878D-66C413926AB5}
		{2FCD86C2-2954-459B-AFD4-47A034AB7BD1} = {672CA72A-3AEC-4C7E-A5D2-7273F6C3C676}
		{CE79B757-23C9-4FAE-8EA5-053823C06A73} = {672CA72A-3AEC-4C7E-A5D2-7273F6C3C676}
		{BCCD2771-75FA-49E7-BAE9-F91F04E48EDA} = {CE79B757-23C9-4FAE-8EA5-053823C06A73}
		{0C1F2444-A86B-4A57-B70F-9E6059C1F2DE} = {CE79B757-23C9-4FAE-8EA5-053823C06A73}
		{1C6A8E20-B036-48CE-977B-1661D9FE1C2D} = {CE79B757-23C9-4FAE-8EA5-053823C06A73}
		{D21F8C38-F309-482E-9208-3036B81D4B58} = {672CA72A-3AEC-4C7E-A5D2-7273F6C3C676}
		{364B12B3-B348-4EAA-8594-E33006FF5BA8} = {D21F8C38-F309-482E-9208-3036B81D4B58}
		{A26C9176-93B6-436B-82D4-D7EEA5491FAC} = {D21F8C38-F309-482E-9208-3036B81D4B58}
		{A57A6729-E985-4655-885D-5FC9FD13D8F8} = {F0ADF472-8B3E-4E5D-8D7B-AFD9EBC9F564}
		{238CA245-3AF6-4A6C-B86B-87978D4081EC} = {F0ADF472-8B3E-4E5D-8D7B-AFD9EBC9F564}
		{672CA72A-3AEC-4C7E-A5D2-7273F6C3C676} = {91D93103-43A3-4829-83F7-E01FD4BDE63E}
		{84CDE9D4-C6D9-4910-A990-B5785BD2C92D} = {91D93103-43A3-4829-83F7-E01FD4BDE63E}
		{12F35831-66D2-4AF6-BA7B-4EE5015DAEB4} = {91D93103-43A3-4829-83F7-E01FD4BDE63E}
	EndGlobalSection
	GlobalSection(ExtensibilityGlobals) = postSolution
		SolutionGuid = {9BC4D105-5E3B-4E0D-963C-895BF672E6A2}
	EndGlobalSection
EndGlobal
